// !$*UTF8*$!
{
	archiveVersion = 1;
	classes = {
	};
	objectVersion = 56;
	objects = {

/* Begin PBXBuildFile section */
		F31A49F02D422DF1005739FE /* HourlyWeatherResult.swift in Sources */ = {isa = PBXBuildFile; fileRef = F31A49EF2D422DF1005739FE /* HourlyWeatherResult.swift */; };
		F3378A152D3655F4006168D7 /* OpenWeatherInfo.plist in Resources */ = {isa = PBXBuildFile; fileRef = F3378A142D3655F4006168D7 /* OpenWeatherInfo.plist */; };
		F3378A172D365A47006168D7 /* Bundle.swift in Sources */ = {isa = PBXBuildFile; fileRef = F3378A162D365A47006168D7 /* Bundle.swift */; };
		F3378A192D37AF11006168D7 /* WeatherAPIManager.swift in Sources */ = {isa = PBXBuildFile; fileRef = F3378A182D37AF11006168D7 /* WeatherAPIManager.swift */; };
		F359DD352C8EEBE900F51E40 /* AppDelegate.swift in Sources */ = {isa = PBXBuildFile; fileRef = F359DD342C8EEBE900F51E40 /* AppDelegate.swift */; };
		F359DD392C8EEBE900F51E40 /* WeatherViewController.swift in Sources */ = {isa = PBXBuildFile; fileRef = F359DD382C8EEBE900F51E40 /* WeatherViewController.swift */; };
		F359DD3E2C8EEBEC00F51E40 /* Assets.xcassets in Resources */ = {isa = PBXBuildFile; fileRef = F359DD3D2C8EEBEC00F51E40 /* Assets.xcassets */; };
		F359DD412C8EEBEC00F51E40 /* Base in Resources */ = {isa = PBXBuildFile; fileRef = F359DD402C8EEBEC00F51E40 /* Base */; };
		F36673E92CEB24F2008C2D42 /* TabBarViewController.swift in Sources */ = {isa = PBXBuildFile; fileRef = F36673E82CEB24F2008C2D42 /* TabBarViewController.swift */; };
		F36673EC2CEB2848008C2D42 /* Alamofire in Frameworks */ = {isa = PBXBuildFile; productRef = F36673EB2CEB2848008C2D42 /* Alamofire */; };
		F36673EF2CEB2947008C2D42 /* SearchViewController.swift in Sources */ = {isa = PBXBuildFile; fileRef = F36673EE2CEB2947008C2D42 /* SearchViewController.swift */; };
		F36673FF2CEB3024008C2D42 /* Font.swift in Sources */ = {isa = PBXBuildFile; fileRef = F36673FE2CEB3024008C2D42 /* Font.swift */; };
		F36674202CF06256008C2D42 /* Gabarito-Bold.ttf in Resources */ = {isa = PBXBuildFile; fileRef = F366741D2CF061EA008C2D42 /* Gabarito-Bold.ttf */; };
		F36674212CF06258008C2D42 /* Gabarito-SemiBold.ttf in Resources */ = {isa = PBXBuildFile; fileRef = F36674192CF061E9008C2D42 /* Gabarito-SemiBold.ttf */; };
		F36674222CF0625A008C2D42 /* Gabarito-Medium.ttf in Resources */ = {isa = PBXBuildFile; fileRef = F366741E2CF061F8008C2D42 /* Gabarito-Medium.ttf */; };
		F36674232CF0625D008C2D42 /* Gabarito-Regular.ttf in Resources */ = {isa = PBXBuildFile; fileRef = F366741C2CF061EA008C2D42 /* Gabarito-Regular.ttf */; };
		F3742EE52CAFCE3100E062E0 /* CurrentWeatherResult.swift in Sources */ = {isa = PBXBuildFile; fileRef = F3742EE42CAFCE3100E062E0 /* CurrentWeatherResult.swift */; };
		F3742EE72CAFCE4E00E062E0 /* ForecastWeatherResult.swift in Sources */ = {isa = PBXBuildFile; fileRef = F3742EE62CAFCE4E00E062E0 /* ForecastWeatherResult.swift */; };
		F3742EE92CAFCE6000E062E0 /* WeeklyForecastCell.swift in Sources */ = {isa = PBXBuildFile; fileRef = F3742EE82CAFCE6000E062E0 /* WeeklyForecastCell.swift */; };
		F3742EEC2CAFD26800E062E0 /* SnapKit in Frameworks */ = {isa = PBXBuildFile; productRef = F3742EEB2CAFD26800E062E0 /* SnapKit */; };
		F3AB5A472D02E7D700A88985 /* Lottie in Frameworks */ = {isa = PBXBuildFile; productRef = F3AB5A462D02E7D700A88985 /* Lottie */; };
		F3AB5A492D02ECC200A88985 /* sunnyAnimation.json in Resources */ = {isa = PBXBuildFile; fileRef = F3AB5A482D02ECC200A88985 /* sunnyAnimation.json */; };
		F3AB5A4B2D03106400A88985 /* cloudyAnimation.json in Resources */ = {isa = PBXBuildFile; fileRef = F3AB5A4A2D03106400A88985 /* cloudyAnimation.json */; };
		F3AB5A4E2D0311D600A88985 /* snowyAnimation.json in Resources */ = {isa = PBXBuildFile; fileRef = F3AB5A4C2D0311D600A88985 /* snowyAnimation.json */; };
		F3AB5A4F2D0311D600A88985 /* rainyAnimation.json in Resources */ = {isa = PBXBuildFile; fileRef = F3AB5A4D2D0311D600A88985 /* rainyAnimation.json */; };
		F3AB5A512D03150A00A88985 /* foggyAnimation.json in Resources */ = {isa = PBXBuildFile; fileRef = F3AB5A502D03150A00A88985 /* foggyAnimation.json */; };
		F3AB5A532D0315C100A88985 /* stormyAnimation.json in Resources */ = {isa = PBXBuildFile; fileRef = F3AB5A522D0315C100A88985 /* stormyAnimation.json */; };
		F3AB5A572D031B8F00A88985 /* HourlyForecastCell.swift in Sources */ = {isa = PBXBuildFile; fileRef = F3AB5A562D031B8F00A88985 /* HourlyForecastCell.swift */; };
		F3AB5A5A2D05903D00A88985 /* Then in Frameworks */ = {isa = PBXBuildFile; productRef = F3AB5A592D05903D00A88985 /* Then */; };
		F3AB5A5D2D0595BB00A88985 /* UIView.swift in Sources */ = {isa = PBXBuildFile; fileRef = F3AB5A5C2D0595BB00A88985 /* UIView.swift */; };
		F3AB5A5F2D0834BF00A88985 /* WeatherTheme.swift in Sources */ = {isa = PBXBuildFile; fileRef = F3AB5A5E2D0834BF00A88985 /* WeatherTheme.swift */; };
		F3AB5A622D0857D200A88985 /* WeatherThemeManager.swift in Sources */ = {isa = PBXBuildFile; fileRef = F3AB5A612D0857D200A88985 /* WeatherThemeManager.swift */; };
/* End PBXBuildFile section */

/* Begin PBXCopyFilesBuildPhase section */
		F3742EF02CAFD51A00E062E0 /* Embed Frameworks */ = {
			isa = PBXCopyFilesBuildPhase;
			buildActionMask = 2147483647;
			dstPath = "";
			dstSubfolderSpec = 10;
			files = (
			);
			name = "Embed Frameworks";
			runOnlyForDeploymentPostprocessing = 0;
		};
/* End PBXCopyFilesBuildPhase section */

/* Begin PBXFileReference section */
		F31A49EF2D422DF1005739FE /* HourlyWeatherResult.swift */ = {isa = PBXFileReference; lastKnownFileType = sourcecode.swift; path = HourlyWeatherResult.swift; sourceTree = "<group>"; };
		F3378A142D3655F4006168D7 /* OpenWeatherInfo.plist */ = {isa = PBXFileReference; lastKnownFileType = text.plist.xml; path = OpenWeatherInfo.plist; sourceTree = "<group>"; };
		F3378A162D365A47006168D7 /* Bundle.swift */ = {isa = PBXFileReference; lastKnownFileType = sourcecode.swift; path = Bundle.swift; sourceTree = "<group>"; };
		F3378A182D37AF11006168D7 /* WeatherAPIManager.swift */ = {isa = PBXFileReference; lastKnownFileType = sourcecode.swift; path = WeatherAPIManager.swift; sourceTree = "<group>"; };
		F359DD312C8EEBE900F51E40 /* WeatherApp.app */ = {isa = PBXFileReference; explicitFileType = wrapper.application; includeInIndex = 0; path = WeatherApp.app; sourceTree = BUILT_PRODUCTS_DIR; };
		F359DD342C8EEBE900F51E40 /* AppDelegate.swift */ = {isa = PBXFileReference; lastKnownFileType = sourcecode.swift; path = AppDelegate.swift; sourceTree = "<group>"; };
		F359DD382C8EEBE900F51E40 /* WeatherViewController.swift */ = {isa = PBXFileReference; lastKnownFileType = sourcecode.swift; path = WeatherViewController.swift; sourceTree = "<group>"; };
		F359DD3D2C8EEBEC00F51E40 /* Assets.xcassets */ = {isa = PBXFileReference; lastKnownFileType = folder.assetcatalog; path = Assets.xcassets; sourceTree = "<group>"; };
		F359DD402C8EEBEC00F51E40 /* Base */ = {isa = PBXFileReference; lastKnownFileType = file.storyboard; name = Base; path = Base.lproj/LaunchScreen.storyboard; sourceTree = "<group>"; };
		F359DD422C8EEBEC00F51E40 /* Info.plist */ = {isa = PBXFileReference; lastKnownFileType = text.plist.xml; path = Info.plist; sourceTree = "<group>"; };
		F36673E82CEB24F2008C2D42 /* TabBarViewController.swift */ = {isa = PBXFileReference; lastKnownFileType = sourcecode.swift; path = TabBarViewController.swift; sourceTree = "<group>"; };
		F36673EE2CEB2947008C2D42 /* SearchViewController.swift */ = {isa = PBXFileReference; lastKnownFileType = sourcecode.swift; path = SearchViewController.swift; sourceTree = "<group>"; };
		F36673FE2CEB3024008C2D42 /* Font.swift */ = {isa = PBXFileReference; lastKnownFileType = sourcecode.swift; path = Font.swift; sourceTree = "<group>"; };
		F36674192CF061E9008C2D42 /* Gabarito-SemiBold.ttf */ = {isa = PBXFileReference; lastKnownFileType = file; path = "Gabarito-SemiBold.ttf"; sourceTree = "<group>"; };
		F366741C2CF061EA008C2D42 /* Gabarito-Regular.ttf */ = {isa = PBXFileReference; lastKnownFileType = file; path = "Gabarito-Regular.ttf"; sourceTree = "<group>"; };
		F366741D2CF061EA008C2D42 /* Gabarito-Bold.ttf */ = {isa = PBXFileReference; lastKnownFileType = file; path = "Gabarito-Bold.ttf"; sourceTree = "<group>"; };
		F366741E2CF061F8008C2D42 /* Gabarito-Medium.ttf */ = {isa = PBXFileReference; lastKnownFileType = file; path = "Gabarito-Medium.ttf"; sourceTree = "<group>"; };
		F3742EE42CAFCE3100E062E0 /* CurrentWeatherResult.swift */ = {isa = PBXFileReference; lastKnownFileType = sourcecode.swift; path = CurrentWeatherResult.swift; sourceTree = "<group>"; };
		F3742EE62CAFCE4E00E062E0 /* ForecastWeatherResult.swift */ = {isa = PBXFileReference; lastKnownFileType = sourcecode.swift; path = ForecastWeatherResult.swift; sourceTree = "<group>"; };
		F3742EE82CAFCE6000E062E0 /* WeeklyForecastCell.swift */ = {isa = PBXFileReference; lastKnownFileType = sourcecode.swift; path = WeeklyForecastCell.swift; sourceTree = "<group>"; };
		F3AB5A482D02ECC200A88985 /* sunnyAnimation.json */ = {isa = PBXFileReference; fileEncoding = 4; lastKnownFileType = text.json; path = sunnyAnimation.json; sourceTree = "<group>"; };
		F3AB5A4A2D03106400A88985 /* cloudyAnimation.json */ = {isa = PBXFileReference; fileEncoding = 4; lastKnownFileType = text.json; path = cloudyAnimation.json; sourceTree = "<group>"; };
		F3AB5A4C2D0311D600A88985 /* snowyAnimation.json */ = {isa = PBXFileReference; fileEncoding = 4; lastKnownFileType = text.json; path = snowyAnimation.json; sourceTree = "<group>"; };
		F3AB5A4D2D0311D600A88985 /* rainyAnimation.json */ = {isa = PBXFileReference; fileEncoding = 4; lastKnownFileType = text.json; path = rainyAnimation.json; sourceTree = "<group>"; };
		F3AB5A502D03150A00A88985 /* foggyAnimation.json */ = {isa = PBXFileReference; fileEncoding = 4; lastKnownFileType = text.json; path = foggyAnimation.json; sourceTree = "<group>"; };
		F3AB5A522D0315C100A88985 /* stormyAnimation.json */ = {isa = PBXFileReference; fileEncoding = 4; lastKnownFileType = text.json; path = stormyAnimation.json; sourceTree = "<group>"; };
		F3AB5A562D031B8F00A88985 /* HourlyForecastCell.swift */ = {isa = PBXFileReference; lastKnownFileType = sourcecode.swift; path = HourlyForecastCell.swift; sourceTree = "<group>"; };
		F3AB5A5C2D0595BB00A88985 /* UIView.swift */ = {isa = PBXFileReference; lastKnownFileType = sourcecode.swift; path = UIView.swift; sourceTree = "<group>"; };
		F3AB5A5E2D0834BF00A88985 /* WeatherTheme.swift */ = {isa = PBXFileReference; lastKnownFileType = sourcecode.swift; path = WeatherTheme.swift; sourceTree = "<group>"; };
		F3AB5A612D0857D200A88985 /* WeatherThemeManager.swift */ = {isa = PBXFileReference; lastKnownFileType = sourcecode.swift; path = WeatherThemeManager.swift; sourceTree = "<group>"; };
/* End PBXFileReference section */

/* Begin PBXFrameworksBuildPhase section */
		F359DD2E2C8EEBE900F51E40 /* Frameworks */ = {
			isa = PBXFrameworksBuildPhase;
			buildActionMask = 2147483647;
			files = (
				F3742EEC2CAFD26800E062E0 /* SnapKit in Frameworks */,
				F36673EC2CEB2848008C2D42 /* Alamofire in Frameworks */,
				F3AB5A472D02E7D700A88985 /* Lottie in Frameworks */,
				F3AB5A5A2D05903D00A88985 /* Then in Frameworks */,
			);
			runOnlyForDeploymentPostprocessing = 0;
		};
/* End PBXFrameworksBuildPhase section */

/* Begin PBXGroup section */
		F359DD282C8EEBE900F51E40 = {
			isa = PBXGroup;
			children = (
				F359DD332C8EEBE900F51E40 /* WeatherApp */,
				F359DD322C8EEBE900F51E40 /* Products */,
			);
			sourceTree = "<group>";
		};
		F359DD322C8EEBE900F51E40 /* Products */ = {
			isa = PBXGroup;
			children = (
				F359DD312C8EEBE900F51E40 /* WeatherApp.app */,
			);
			name = Products;
			sourceTree = "<group>";
		};
		F359DD332C8EEBE900F51E40 /* WeatherApp */ = {
			isa = PBXGroup;
			children = (
				F36673E72CE5F363008C2D42 /* Application */,
				F36673E62CE5F32D008C2D42 /* Resource */,
				F36673E32CE5F2AD008C2D42 /* Model */,
				F3AB5A602D08578200A88985 /* Service */,
				F36673E42CE5F2D1008C2D42 /* Presentation */,
				F36673FD2CEB2FEC008C2D42 /* Utills */,
			);
			path = WeatherApp;
			sourceTree = "<group>";
		};
		F36673E32CE5F2AD008C2D42 /* Model */ = {
			isa = PBXGroup;
			children = (
				F3742EE42CAFCE3100E062E0 /* CurrentWeatherResult.swift */,
				F3742EE62CAFCE4E00E062E0 /* ForecastWeatherResult.swift */,
				F31A49EF2D422DF1005739FE /* HourlyWeatherResult.swift */,
				F3AB5A5E2D0834BF00A88985 /* WeatherTheme.swift */,
			);
			path = Model;
			sourceTree = "<group>";
		};
		F36673E42CE5F2D1008C2D42 /* Presentation */ = {
			isa = PBXGroup;
			children = (
				F36673E52CE5F2F3008C2D42 /* Weather */,
				F36673ED2CEB2923008C2D42 /* Search */,
			);
			path = Presentation;
			sourceTree = "<group>";
		};
		F36673E52CE5F2F3008C2D42 /* Weather */ = {
			isa = PBXGroup;
			children = (
				F359DD382C8EEBE900F51E40 /* WeatherViewController.swift */,
				F36673E82CEB24F2008C2D42 /* TabBarViewController.swift */,
				F3AB5A552D031A4A00A88985 /* Cell */,
			);
			path = Weather;
			sourceTree = "<group>";
		};
		F36673E62CE5F32D008C2D42 /* Resource */ = {
			isa = PBXGroup;
			children = (
				F36673F42CEB2EB5008C2D42 /* Fonts */,
				F359DD3F2C8EEBEC00F51E40 /* LaunchScreen.storyboard */,
				F359DD3D2C8EEBEC00F51E40 /* Assets.xcassets */,
				F3AB5A542D0315F000A88985 /* LottieAnimation */,
				F359DD422C8EEBEC00F51E40 /* Info.plist */,
				F3378A142D3655F4006168D7 /* OpenWeatherInfo.plist */,
			);
			path = Resource;
			sourceTree = "<group>";
		};
		F36673E72CE5F363008C2D42 /* Application */ = {
			isa = PBXGroup;
			children = (
				F359DD342C8EEBE900F51E40 /* AppDelegate.swift */,
			);
			path = Application;
			sourceTree = "<group>";
		};
		F36673ED2CEB2923008C2D42 /* Search */ = {
			isa = PBXGroup;
			children = (
				F36673EE2CEB2947008C2D42 /* SearchViewController.swift */,
			);
			path = Search;
			sourceTree = "<group>";
		};
		F36673F42CEB2EB5008C2D42 /* Fonts */ = {
			isa = PBXGroup;
			children = (
				F366741D2CF061EA008C2D42 /* Gabarito-Bold.ttf */,
				F36674192CF061E9008C2D42 /* Gabarito-SemiBold.ttf */,
				F366741E2CF061F8008C2D42 /* Gabarito-Medium.ttf */,
				F366741C2CF061EA008C2D42 /* Gabarito-Regular.ttf */,
			);
			path = Fonts;
			sourceTree = "<group>";
		};
		F36673FD2CEB2FEC008C2D42 /* Utills */ = {
			isa = PBXGroup;
			children = (
				F36673FE2CEB3024008C2D42 /* Font.swift */,
				F3AB5A5B2D05954F00A88985 /* Extension */,
			);
			path = Utills;
			sourceTree = "<group>";
		};
		F3AB5A542D0315F000A88985 /* LottieAnimation */ = {
			isa = PBXGroup;
			children = (
				F3AB5A482D02ECC200A88985 /* sunnyAnimation.json */,
				F3AB5A4A2D03106400A88985 /* cloudyAnimation.json */,
				F3AB5A4D2D0311D600A88985 /* rainyAnimation.json */,
				F3AB5A4C2D0311D600A88985 /* snowyAnimation.json */,
				F3AB5A502D03150A00A88985 /* foggyAnimation.json */,
				F3AB5A522D0315C100A88985 /* stormyAnimation.json */,
			);
			path = LottieAnimation;
			sourceTree = "<group>";
		};
		F3AB5A552D031A4A00A88985 /* Cell */ = {
			isa = PBXGroup;
			children = (
				F3AB5A562D031B8F00A88985 /* HourlyForecastCell.swift */,
				F3742EE82CAFCE6000E062E0 /* WeeklyForecastCell.swift */,
			);
			path = Cell;
			sourceTree = "<group>";
		};
		F3AB5A5B2D05954F00A88985 /* Extension */ = {
			isa = PBXGroup;
			children = (
				F3AB5A5C2D0595BB00A88985 /* UIView.swift */,
				F3378A162D365A47006168D7 /* Bundle.swift */,
			);
			path = Extension;
			sourceTree = "<group>";
		};
		F3AB5A602D08578200A88985 /* Service */ = {
			isa = PBXGroup;
			children = (
				F3378A182D37AF11006168D7 /* WeatherAPIManager.swift */,
				F3AB5A612D0857D200A88985 /* WeatherThemeManager.swift */,
			);
			path = Service;
			sourceTree = "<group>";
		};
/* End PBXGroup section */

/* Begin PBXNativeTarget section */
		F359DD302C8EEBE900F51E40 /* WeatherApp */ = {
			isa = PBXNativeTarget;
			buildConfigurationList = F359DD452C8EEBEC00F51E40 /* Build configuration list for PBXNativeTarget "WeatherApp" */;
			buildPhases = (
				F359DD2D2C8EEBE900F51E40 /* Sources */,
				F359DD2E2C8EEBE900F51E40 /* Frameworks */,
				F359DD2F2C8EEBE900F51E40 /* Resources */,
				F3742EF02CAFD51A00E062E0 /* Embed Frameworks */,
			);
			buildRules = (
			);
			dependencies = (
			);
			name = WeatherApp;
			packageProductDependencies = (
				F3742EEB2CAFD26800E062E0 /* SnapKit */,
				F36673EB2CEB2848008C2D42 /* Alamofire */,
				F3AB5A462D02E7D700A88985 /* Lottie */,
				F3AB5A592D05903D00A88985 /* Then */,
			);
			productName = WeatherApp;
			productReference = F359DD312C8EEBE900F51E40 /* WeatherApp.app */;
			productType = "com.apple.product-type.application";
		};
/* End PBXNativeTarget section */

/* Begin PBXProject section */
		F359DD292C8EEBE900F51E40 /* Project object */ = {
			isa = PBXProject;
			attributes = {
				BuildIndependentTargetsInParallel = 1;
				LastSwiftUpdateCheck = 1540;
				LastUpgradeCheck = 1540;
				TargetAttributes = {
					F359DD302C8EEBE900F51E40 = {
						CreatedOnToolsVersion = 15.4;
					};
				};
			};
			buildConfigurationList = F359DD2C2C8EEBE900F51E40 /* Build configuration list for PBXProject "WeatherApp" */;
			compatibilityVersion = "Xcode 14.0";
			developmentRegion = en;
			hasScannedForEncodings = 0;
			knownRegions = (
				en,
				Base,
			);
			mainGroup = F359DD282C8EEBE900F51E40;
			packageReferences = (
				F3742EEA2CAFD26800E062E0 /* XCRemoteSwiftPackageReference "SnapKit" */,
				F36673EA2CEB2848008C2D42 /* XCRemoteSwiftPackageReference "Alamofire" */,
				F3AB5A452D02E7D700A88985 /* XCRemoteSwiftPackageReference "lottie-ios" */,
				F3AB5A582D05903D00A88985 /* XCRemoteSwiftPackageReference "Then" */,
			);
			productRefGroup = F359DD322C8EEBE900F51E40 /* Products */;
			projectDirPath = "";
			projectRoot = "";
			targets = (
				F359DD302C8EEBE900F51E40 /* WeatherApp */,
			);
		};
/* End PBXProject section */

/* Begin PBXResourcesBuildPhase section */
		F359DD2F2C8EEBE900F51E40 /* Resources */ = {
			isa = PBXResourcesBuildPhase;
			buildActionMask = 2147483647;
			files = (
				F3AB5A512D03150A00A88985 /* foggyAnimation.json in Resources */,
				F3AB5A532D0315C100A88985 /* stormyAnimation.json in Resources */,
				F3378A152D3655F4006168D7 /* OpenWeatherInfo.plist in Resources */,
				F359DD3E2C8EEBEC00F51E40 /* Assets.xcassets in Resources */,
				F36674212CF06258008C2D42 /* Gabarito-SemiBold.ttf in Resources */,
				F36674202CF06256008C2D42 /* Gabarito-Bold.ttf in Resources */,
				F3AB5A4E2D0311D600A88985 /* snowyAnimation.json in Resources */,
				F3AB5A4F2D0311D600A88985 /* rainyAnimation.json in Resources */,
				F36674222CF0625A008C2D42 /* Gabarito-Medium.ttf in Resources */,
				F359DD412C8EEBEC00F51E40 /* Base in Resources */,
				F3AB5A492D02ECC200A88985 /* sunnyAnimation.json in Resources */,
				F36674232CF0625D008C2D42 /* Gabarito-Regular.ttf in Resources */,
				F3AB5A4B2D03106400A88985 /* cloudyAnimation.json in Resources */,
			);
			runOnlyForDeploymentPostprocessing = 0;
		};
/* End PBXResourcesBuildPhase section */

/* Begin PBXSourcesBuildPhase section */
		F359DD2D2C8EEBE900F51E40 /* Sources */ = {
			isa = PBXSourcesBuildPhase;
			buildActionMask = 2147483647;
			files = (
				F3AB5A5D2D0595BB00A88985 /* UIView.swift in Sources */,
				F3378A172D365A47006168D7 /* Bundle.swift in Sources */,
				F3AB5A572D031B8F00A88985 /* HourlyForecastCell.swift in Sources */,
				F31A49F02D422DF1005739FE /* HourlyWeatherResult.swift in Sources */,
				F3742EE72CAFCE4E00E062E0 /* ForecastWeatherResult.swift in Sources */,
				F3AB5A5F2D0834BF00A88985 /* WeatherTheme.swift in Sources */,
				F3378A192D37AF11006168D7 /* WeatherAPIManager.swift in Sources */,
				F36673EF2CEB2947008C2D42 /* SearchViewController.swift in Sources */,
				F359DD392C8EEBE900F51E40 /* WeatherViewController.swift in Sources */,
				F359DD352C8EEBE900F51E40 /* AppDelegate.swift in Sources */,
				F36673FF2CEB3024008C2D42 /* Font.swift in Sources */,
				F3742EE92CAFCE6000E062E0 /* WeeklyForecastCell.swift in Sources */,
				F36673E92CEB24F2008C2D42 /* TabBarViewController.swift in Sources */,
				F3AB5A622D0857D200A88985 /* WeatherThemeManager.swift in Sources */,
				F3742EE52CAFCE3100E062E0 /* CurrentWeatherResult.swift in Sources */,
			);
			runOnlyForDeploymentPostprocessing = 0;
		};
/* End PBXSourcesBuildPhase section */

/* Begin PBXVariantGroup section */
		F359DD3F2C8EEBEC00F51E40 /* LaunchScreen.storyboard */ = {
			isa = PBXVariantGroup;
			children = (
				F359DD402C8EEBEC00F51E40 /* Base */,
			);
			name = LaunchScreen.storyboard;
			sourceTree = "<group>";
		};
/* End PBXVariantGroup section */

/* Begin XCBuildConfiguration section */
		F359DD432C8EEBEC00F51E40 /* Debug */ = {
			isa = XCBuildConfiguration;
			buildSettings = {
				ALWAYS_SEARCH_USER_PATHS = NO;
				ASSETCATALOG_COMPILER_GENERATE_SWIFT_ASSET_SYMBOL_EXTENSIONS = YES;
				CLANG_ANALYZER_NONNULL = YES;
				CLANG_ANALYZER_NUMBER_OBJECT_CONVERSION = YES_AGGRESSIVE;
				CLANG_CXX_LANGUAGE_STANDARD = "gnu++20";
				CLANG_ENABLE_MODULES = YES;
				CLANG_ENABLE_OBJC_ARC = YES;
				CLANG_ENABLE_OBJC_WEAK = YES;
				CLANG_WARN_BLOCK_CAPTURE_AUTORELEASING = YES;
				CLANG_WARN_BOOL_CONVERSION = YES;
				CLANG_WARN_COMMA = YES;
				CLANG_WARN_CONSTANT_CONVERSION = YES;
				CLANG_WARN_DEPRECATED_OBJC_IMPLEMENTATIONS = YES;
				CLANG_WARN_DIRECT_OBJC_ISA_USAGE = YES_ERROR;
				CLANG_WARN_DOCUMENTATION_COMMENTS = YES;
				CLANG_WARN_EMPTY_BODY = YES;
				CLANG_WARN_ENUM_CONVERSION = YES;
				CLANG_WARN_INFINITE_RECURSION = YES;
				CLANG_WARN_INT_CONVERSION = YES;
				CLANG_WARN_NON_LITERAL_NULL_CONVERSION = YES;
				CLANG_WARN_OBJC_IMPLICIT_RETAIN_SELF = YES;
				CLANG_WARN_OBJC_LITERAL_CONVERSION = YES;
				CLANG_WARN_OBJC_ROOT_CLASS = YES_ERROR;
				CLANG_WARN_QUOTED_INCLUDE_IN_FRAMEWORK_HEADER = YES;
				CLANG_WARN_RANGE_LOOP_ANALYSIS = YES;
				CLANG_WARN_STRICT_PROTOTYPES = YES;
				CLANG_WARN_SUSPICIOUS_MOVE = YES;
				CLANG_WARN_UNGUARDED_AVAILABILITY = YES_AGGRESSIVE;
				CLANG_WARN_UNREACHABLE_CODE = YES;
				CLANG_WARN__DUPLICATE_METHOD_MATCH = YES;
				COPY_PHASE_STRIP = NO;
				DEBUG_INFORMATION_FORMAT = dwarf;
				ENABLE_STRICT_OBJC_MSGSEND = YES;
				ENABLE_TESTABILITY = YES;
				ENABLE_USER_SCRIPT_SANDBOXING = YES;
				GCC_C_LANGUAGE_STANDARD = gnu17;
				GCC_DYNAMIC_NO_PIC = NO;
				GCC_NO_COMMON_BLOCKS = YES;
				GCC_OPTIMIZATION_LEVEL = 0;
				GCC_PREPROCESSOR_DEFINITIONS = (
					"DEBUG=1",
					"$(inherited)",
				);
				GCC_WARN_64_TO_32_BIT_CONVERSION = YES;
				GCC_WARN_ABOUT_RETURN_TYPE = YES_ERROR;
				GCC_WARN_UNDECLARED_SELECTOR = YES;
				GCC_WARN_UNINITIALIZED_AUTOS = YES_AGGRESSIVE;
				GCC_WARN_UNUSED_FUNCTION = YES;
				GCC_WARN_UNUSED_VARIABLE = YES;
				IPHONEOS_DEPLOYMENT_TARGET = 17.5;
				LOCALIZATION_PREFERS_STRING_CATALOGS = YES;
				MTL_ENABLE_DEBUG_INFO = INCLUDE_SOURCE;
				MTL_FAST_MATH = YES;
				ONLY_ACTIVE_ARCH = YES;
				SDKROOT = iphoneos;
				SWIFT_ACTIVE_COMPILATION_CONDITIONS = "DEBUG $(inherited)";
				SWIFT_OPTIMIZATION_LEVEL = "-Onone";
			};
			name = Debug;
		};
		F359DD442C8EEBEC00F51E40 /* Release */ = {
			isa = XCBuildConfiguration;
			buildSettings = {
				ALWAYS_SEARCH_USER_PATHS = NO;
				ASSETCATALOG_COMPILER_GENERATE_SWIFT_ASSET_SYMBOL_EXTENSIONS = YES;
				CLANG_ANALYZER_NONNULL = YES;
				CLANG_ANALYZER_NUMBER_OBJECT_CONVERSION = YES_AGGRESSIVE;
				CLANG_CXX_LANGUAGE_STANDARD = "gnu++20";
				CLANG_ENABLE_MODULES = YES;
				CLANG_ENABLE_OBJC_ARC = YES;
				CLANG_ENABLE_OBJC_WEAK = YES;
				CLANG_WARN_BLOCK_CAPTURE_AUTORELEASING = YES;
				CLANG_WARN_BOOL_CONVERSION = YES;
				CLANG_WARN_COMMA = YES;
				CLANG_WARN_CONSTANT_CONVERSION = YES;
				CLANG_WARN_DEPRECATED_OBJC_IMPLEMENTATIONS = YES;
				CLANG_WARN_DIRECT_OBJC_ISA_USAGE = YES_ERROR;
				CLANG_WARN_DOCUMENTATION_COMMENTS = YES;
				CLANG_WARN_EMPTY_BODY = YES;
				CLANG_WARN_ENUM_CONVERSION = YES;
				CLANG_WARN_INFINITE_RECURSION = YES;
				CLANG_WARN_INT_CONVERSION = YES;
				CLANG_WARN_NON_LITERAL_NULL_CONVERSION = YES;
				CLANG_WARN_OBJC_IMPLICIT_RETAIN_SELF = YES;
				CLANG_WARN_OBJC_LITERAL_CONVERSION = YES;
				CLANG_WARN_OBJC_ROOT_CLASS = YES_ERROR;
				CLANG_WARN_QUOTED_INCLUDE_IN_FRAMEWORK_HEADER = YES;
				CLANG_WARN_RANGE_LOOP_ANALYSIS = YES;
				CLANG_WARN_STRICT_PROTOTYPES = YES;
				CLANG_WARN_SUSPICIOUS_MOVE = YES;
				CLANG_WARN_UNGUARDED_AVAILABILITY = YES_AGGRESSIVE;
				CLANG_WARN_UNREACHABLE_CODE = YES;
				CLANG_WARN__DUPLICATE_METHOD_MATCH = YES;
				COPY_PHASE_STRIP = NO;
				DEBUG_INFORMATION_FORMAT = "dwarf-with-dsym";
				ENABLE_NS_ASSERTIONS = NO;
				ENABLE_STRICT_OBJC_MSGSEND = YES;
				ENABLE_USER_SCRIPT_SANDBOXING = YES;
				GCC_C_LANGUAGE_STANDARD = gnu17;
				GCC_NO_COMMON_BLOCKS = YES;
				GCC_WARN_64_TO_32_BIT_CONVERSION = YES;
				GCC_WARN_ABOUT_RETURN_TYPE = YES_ERROR;
				GCC_WARN_UNDECLARED_SELECTOR = YES;
				GCC_WARN_UNINITIALIZED_AUTOS = YES_AGGRESSIVE;
				GCC_WARN_UNUSED_FUNCTION = YES;
				GCC_WARN_UNUSED_VARIABLE = YES;
				IPHONEOS_DEPLOYMENT_TARGET = 17.5;
				LOCALIZATION_PREFERS_STRING_CATALOGS = YES;
				MTL_ENABLE_DEBUG_INFO = NO;
				MTL_FAST_MATH = YES;
				SDKROOT = iphoneos;
				SWIFT_COMPILATION_MODE = wholemodule;
				VALIDATE_PRODUCT = YES;
			};
			name = Release;
		};
		F359DD462C8EEBEC00F51E40 /* Debug */ = {
			isa = XCBuildConfiguration;
			buildSettings = {
				ASSETCATALOG_COMPILER_APPICON_NAME = AppIcon;
				ASSETCATALOG_COMPILER_GLOBAL_ACCENT_COLOR_NAME = AccentColor;
				CODE_SIGN_STYLE = Automatic;
				CURRENT_PROJECT_VERSION = 1;
				GENERATE_INFOPLIST_FILE = YES;
				INFOPLIST_FILE = WeatherApp/Resource/Info.plist;
				INFOPLIST_KEY_UIApplicationSupportsIndirectInputEvents = YES;
				INFOPLIST_KEY_UILaunchStoryboardName = LaunchScreen;
				INFOPLIST_KEY_UISupportedInterfaceOrientations_iPad = "UIInterfaceOrientationPortrait UIInterfaceOrientationPortraitUpsideDown UIInterfaceOrientationLandscapeLeft UIInterfaceOrientationLandscapeRight";
				INFOPLIST_KEY_UISupportedInterfaceOrientations_iPhone = "UIInterfaceOrientationPortrait UIInterfaceOrientationLandscapeLeft UIInterfaceOrientationLandscapeRight";
				LD_RUNPATH_SEARCH_PATHS = (
					"$(inherited)",
					"@executable_path/Frameworks",
				);
				MARKETING_VERSION = 1.0;
				PRODUCT_BUNDLE_IDENTIFIER = com.cookdiary.WeatherApp;
				PRODUCT_NAME = "$(TARGET_NAME)";
				SWIFT_EMIT_LOC_STRINGS = YES;
				SWIFT_VERSION = 5.0;
				TARGETED_DEVICE_FAMILY = "1,2";
			};
			name = Debug;
		};
		F359DD472C8EEBEC00F51E40 /* Release */ = {
			isa = XCBuildConfiguration;
			buildSettings = {
				ASSETCATALOG_COMPILER_APPICON_NAME = AppIcon;
				ASSETCATALOG_COMPILER_GLOBAL_ACCENT_COLOR_NAME = AccentColor;
				CODE_SIGN_STYLE = Automatic;
				CURRENT_PROJECT_VERSION = 1;
				GENERATE_INFOPLIST_FILE = YES;
				INFOPLIST_FILE = WeatherApp/Resource/Info.plist;
				INFOPLIST_KEY_UIApplicationSupportsIndirectInputEvents = YES;
				INFOPLIST_KEY_UILaunchStoryboardName = LaunchScreen;
				INFOPLIST_KEY_UISupportedInterfaceOrientations_iPad = "UIInterfaceOrientationPortrait UIInterfaceOrientationPortraitUpsideDown UIInterfaceOrientationLandscapeLeft UIInterfaceOrientationLandscapeRight";
				INFOPLIST_KEY_UISupportedInterfaceOrientations_iPhone = "UIInterfaceOrientationPortrait UIInterfaceOrientationLandscapeLeft UIInterfaceOrientationLandscapeRight";
				LD_RUNPATH_SEARCH_PATHS = (
					"$(inherited)",
					"@executable_path/Frameworks",
				);
				MARKETING_VERSION = 1.0;
				PRODUCT_BUNDLE_IDENTIFIER = com.cookdiary.WeatherApp;
				PRODUCT_NAME = "$(TARGET_NAME)";
				SWIFT_EMIT_LOC_STRINGS = YES;
				SWIFT_VERSION = 5.0;
				TARGETED_DEVICE_FAMILY = "1,2";
			};
			name = Release;
		};
/* End XCBuildConfiguration section */

/* Begin XCConfigurationList section */
		F359DD2C2C8EEBE900F51E40 /* Build configuration list for PBXProject "WeatherApp" */ = {
			isa = XCConfigurationList;
			buildConfigurations = (
				F359DD432C8EEBEC00F51E40 /* Debug */,
				F359DD442C8EEBEC00F51E40 /* Release */,
			);
			defaultConfigurationIsVisible = 0;
			defaultConfigurationName = Release;
		};
		F359DD452C8EEBEC00F51E40 /* Build configuration list for PBXNativeTarget "WeatherApp" */ = {
			isa = XCConfigurationList;
			buildConfigurations = (
				F359DD462C8EEBEC00F51E40 /* Debug */,
				F359DD472C8EEBEC00F51E40 /* Release */,
			);
			defaultConfigurationIsVisible = 0;
			defaultConfigurationName = Release;
		};
/* End XCConfigurationList section */

/* Begin XCRemoteSwiftPackageReference section */
		F36673EA2CEB2848008C2D42 /* XCRemoteSwiftPackageReference "Alamofire" */ = {
			isa = XCRemoteSwiftPackageReference;
			repositoryURL = "https://github.com/Alamofire/Alamofire.git";
			requirement = {
				kind = upToNextMajorVersion;
				minimumVersion = 5.10.1;
			};
		};
		F3742EEA2CAFD26800E062E0 /* XCRemoteSwiftPackageReference "SnapKit" */ = {
			isa = XCRemoteSwiftPackageReference;
			repositoryURL = "https://github.com/SnapKit/SnapKit";
			requirement = {
				kind = upToNextMajorVersion;
				minimumVersion = 5.7.1;
			};
		};
		F3AB5A452D02E7D700A88985 /* XCRemoteSwiftPackageReference "lottie-ios" */ = {
			isa = XCRemoteSwiftPackageReference;
			repositoryURL = "https://github.com/airbnb/lottie-ios.git";
			requirement = {
				kind = upToNextMajorVersion;
				minimumVersion = 4.5.0;
			};
		};
		F3AB5A582D05903D00A88985 /* XCRemoteSwiftPackageReference "Then" */ = {
			isa = XCRemoteSwiftPackageReference;
			repositoryURL = "https://github.com/devxoul/Then";
			requirement = {
				kind = upToNextMajorVersion;
				minimumVersion = 3.0.0;
			};
		};
/* End XCRemoteSwiftPackageReference section */

/* Begin XCSwiftPackageProductDependency section */
		F36673EB2CEB2848008C2D42 /* Alamofire */ = {
			isa = XCSwiftPackageProductDependency;
			package = F36673EA2CEB2848008C2D42 /* XCRemoteSwiftPackageReference "Alamofire" */;
			productName = Alamofire;
		};
		F3742EEB2CAFD26800E062E0 /* SnapKit */ = {
			isa = XCSwiftPackageProductDependency;
			package = F3742EEA2CAFD26800E062E0 /* XCRemoteSwiftPackageReference "SnapKit" */;
			productName = SnapKit;
		};
		F3AB5A462D02E7D700A88985 /* Lottie */ = {
			isa = XCSwiftPackageProductDependency;
			package = F3AB5A452D02E7D700A88985 /* XCRemoteSwiftPackageReference "lottie-ios" */;
			productName = Lottie;
		};
		F3AB5A592D05903D00A88985 /* Then */ = {
			isa = XCSwiftPackageProductDependency;
			package = F3AB5A582D05903D00A88985 /* XCRemoteSwiftPackageReference "Then" */;
			productName = Then;
		};
/* End XCSwiftPackageProductDependency section */
	};
	rootObject = F359DD292C8EEBE900F51E40 /* Project object */;
}
